
Microsoft Visual Studio Solution File, Format Version 12.00
Project("{FAE04EC0-301F-11D3-BF4B-00C04F79EFBC}") = "BackendLab2", "BackendLab2\BackendLab2.csproj", "{81D592DF-E543-4B56-88F8-A20534EA1220}"
EndProject
Global
	GlobalSection(SolutionConfigurationPlatforms) = preSolution
		Debug|Any CPU = Debug|Any CPU
		Release|Any CPU = Release|Any CPU
	EndGlobalSection
	GlobalSection(ProjectConfigurationPlatforms) = postSolution
		{81D592DF-E543-4B56-88F8-A20534EA1220}.Debug|Any CPU.ActiveCfg = Debug|Any CPU
		{81D592DF-E543-4B56-88F8-A20534EA1220}.Debug|Any CPU.Build.0 = Debug|Any CPU
		{81D592DF-E543-4B56-88F8-A20534EA1220}.Release|Any CPU.ActiveCfg = Release|Any CPU
		{81D592DF-E543-4B56-88F8-A20534EA1220}.Release|Any CPU.Build.0 = Release|Any CPU
	EndGlobalSection
EndGlobal
